# THIS IS AN AUTOGENERATED FILE. DO NOT EDIT THIS FILE DIRECTLY.
# yarn lockfile v1


"@aashutoshrathi/word-wrap@^1.2.3":
  version "1.2.6"
  resolved "https://registry.yarnpkg.com/@aashutoshrathi/word-wrap/-/word-wrap-1.2.6.tgz#bd9154aec9983f77b3a034ecaa015c2e4201f6cf"
  integrity sha512-1Yjs2SvM8TflER/OD3cOjhWWOZb58A2t7wpE2S9XfBYTiIl+XFhQG2bjy4Pu1I+EAlCNUzRDYDdFwFYUKvXcIA==

"@ampproject/remapping@^2.2.0":
  version "2.3.0"
  resolved "https://registry.yarnpkg.com/@ampproject/remapping/-/remapping-2.3.0.tgz#ed441b6fa600072520ce18b43d2c8cc8caecc7f4"
  integrity sha512-30iZtAPgz+LTIYoeivqYo853f02jBYSd5uGnGpkFV0M3xOt9aN73erkgYAmZU43x4VfqcnLxW9Kpg3R5LC4YYw==
  dependencies:
    "@jridgewell/gen-mapping" "^0.3.5"
    "@jridgewell/trace-mapping" "^0.3.24"

"@babel/code-frame@^7.0.0", "@babel/code-frame@^7.12.13", "@babel/code-frame@^7.23.5", "@babel/code-frame@^7.24.1":
  version "7.24.2"
  resolved "https://registry.yarnpkg.com/@babel/code-frame/-/code-frame-7.24.2.tgz#718b4b19841809a58b29b68cde80bc5e1aa6d9ae"
  integrity sha512-y5+tLQyV8pg3fsiln67BVLD1P13Eg4lh5RW9mF0zUuvLrv9uIQ4MCL+CRT+FTsBlBjcIan6PGsLcBN0m3ClUyQ==
  dependencies:
    "@babel/highlight" "^7.24.2"
    picocolors "^1.0.0"

"@babel/code-frame@^7.24.7":
  version "7.24.7"
  resolved "https://registry.yarnpkg.com/@babel/code-frame/-/code-frame-7.24.7.tgz#882fd9e09e8ee324e496bd040401c6f046ef4465"
  integrity sha512-BcYH1CVJBO9tvyIZ2JVeXgSIMvGZ2FDRvDdOIVQyuklNKSsx+eppDEBq/g47Ayw+RqNFE+URvOShmf+f/qwAlA==
  dependencies:
    "@babel/highlight" "^7.24.7"
    picocolors "^1.0.0"

"@babel/compat-data@^7.20.5", "@babel/compat-data@^7.22.6", "@babel/compat-data@^7.23.5", "@babel/compat-data@^7.24.1":
  version "7.24.1"
  resolved "https://registry.yarnpkg.com/@babel/compat-data/-/compat-data-7.24.1.tgz#31c1f66435f2a9c329bb5716a6d6186c516c3742"
  integrity sha512-Pc65opHDliVpRHuKfzI+gSA4zcgr65O4cl64fFJIWEEh8JoHIHh0Oez1Eo8Arz8zq/JhgKodQaxEwUPRtZylVA==

"@babel/compat-data@^7.25.2":
  version "7.25.4"
  resolved "https://registry.yarnpkg.com/@babel/compat-data/-/compat-data-7.25.4.tgz#7d2a80ce229890edcf4cc259d4d696cb4dae2fcb"
  integrity sha512-+LGRog6RAsCJrrrg/IO6LGmpphNe5DiK30dGjCoxxeGv49B10/3XYGxPsAwrDlMFcFEvdAUavDT8r9k/hSyQqQ==

"@babel/core@7.25.2":
  version "7.25.2"
  resolved "https://registry.yarnpkg.com/@babel/core/-/core-7.25.2.tgz#ed8eec275118d7613e77a352894cd12ded8eba77"
  integrity sha512-BBt3opiCOxUr9euZ5/ro/Xv8/V7yJ5bjYMqG/C1YAo8MIKAnumZalCN+msbci3Pigy4lIQfPUpfMM27HMGaYEA==
  dependencies:
    "@ampproject/remapping" "^2.2.0"
    "@babel/code-frame" "^7.24.7"
    "@babel/generator" "^7.25.0"
    "@babel/helper-compilation-targets" "^7.25.2"
    "@babel/helper-module-transforms" "^7.25.2"
    "@babel/helpers" "^7.25.0"
    "@babel/parser" "^7.25.0"
    "@babel/template" "^7.25.0"
    "@babel/traverse" "^7.25.2"
    "@babel/types" "^7.25.2"
    convert-source-map "^2.0.0"
    debug "^4.1.0"
    gensync "^1.0.0-beta.2"
    json5 "^2.2.3"
    semver "^6.3.1"

"@babel/core@^7.1.0", "@babel/core@^7.12.3", "@babel/core@^7.15.0", "@babel/core@^7.7.2", "@babel/core@^7.8.0":
  version "7.24.3"
  resolved "https://registry.yarnpkg.com/@babel/core/-/core-7.24.3.tgz#568864247ea10fbd4eff04dda1e05f9e2ea985c3"
  integrity sha512-5FcvN1JHw2sHJChotgx8Ek0lyuh4kCKelgMTTqhYJJtloNvUfpAFMeNQUtdlIaktwrSV9LtCdqwk48wL2wBacQ==
  dependencies:
    "@ampproject/remapping" "^2.2.0"
    "@babel/code-frame" "^7.24.2"
    "@babel/generator" "^7.24.1"
    "@babel/helper-compilation-targets" "^7.23.6"
    "@babel/helper-module-transforms" "^7.23.3"
    "@babel/helpers" "^7.24.1"
    "@babel/parser" "^7.24.1"
    "@babel/template" "^7.24.0"
    "@babel/traverse" "^7.24.1"
    "@babel/types" "^7.24.0"
    convert-source-map "^2.0.0"
    debug "^4.1.0"
    gensync "^1.0.0-beta.2"
    json5 "^2.2.3"
    semver "^6.3.1"

"@babel/eslint-parser@7.18.9":
  version "7.18.9"
  resolved "https://registry.yarnpkg.com/@babel/eslint-parser/-/eslint-parser-7.18.9.tgz#255a63796819a97b7578751bb08ab9f2a375a031"
  integrity sha512-KzSGpMBggz4fKbRbWLNyPVTuQr6cmCcBhOyXTw/fieOVaw5oYAwcAj4a7UKcDYCPxQq+CG1NCDZH9e2JTXquiQ==
  dependencies:
    eslint-scope "^5.1.1"
    eslint-visitor-keys "^2.1.0"
    semver "^6.3.0"

... (trimmed for brevity in this message) ...
